// !$*UTF8*$!
{
	archiveVersion = 1;
	classes = {
	};
	objectVersion = 55;
	objects = {

/* Begin PBXBuildFile section */
		91A9475D6F707CF45B096DCB /* libPods-AlbumFactory.a in Frameworks */ = {isa = PBXBuildFile; fileRef = D950E9194927B5B2D19B1910 /* libPods-AlbumFactory.a */; };
		E85C05DB2701195400F582BA /* NetworkRequest.swift in Sources */ = {isa = PBXBuildFile; fileRef = E85C05DA2701195400F582BA /* NetworkRequest.swift */; };
		E85C05DF27011ABA00F582BA /* ArtistNetworkRequest.swift in Sources */ = {isa = PBXBuildFile; fileRef = E85C05DE27011ABA00F582BA /* ArtistNetworkRequest.swift */; };
		E85C05E127011B3B00F582BA /* HTTPMethod.swift in Sources */ = {isa = PBXBuildFile; fileRef = E85C05E027011B3B00F582BA /* HTTPMethod.swift */; };
		E85C05E32701244600F582BA /* AlbumNetworkRequest.swift in Sources */ = {isa = PBXBuildFile; fileRef = E85C05E22701244600F582BA /* AlbumNetworkRequest.swift */; };
		E8FE96D326FD41EC0008FA8A /* AlbumFactoryApp.swift in Sources */ = {isa = PBXBuildFile; fileRef = E8FE96D226FD41EC0008FA8A /* AlbumFactoryApp.swift */; };
		E8FE96D526FD41EC0008FA8A /* ContentView.swift in Sources */ = {isa = PBXBuildFile; fileRef = E8FE96D426FD41EC0008FA8A /* ContentView.swift */; };
		E8FE96D726FD41EF0008FA8A /* Assets.xcassets in Resources */ = {isa = PBXBuildFile; fileRef = E8FE96D626FD41EF0008FA8A /* Assets.xcassets */; };
		E8FE96DA26FD41EF0008FA8A /* Preview Assets.xcassets in Resources */ = {isa = PBXBuildFile; fileRef = E8FE96D926FD41EF0008FA8A /* Preview Assets.xcassets */; };
		E8FE96E426FD41EF0008FA8A /* AlbumFactoryTests.swift in Sources */ = {isa = PBXBuildFile; fileRef = E8FE96E326FD41EF0008FA8A /* AlbumFactoryTests.swift */; };
		E8FE96EE26FD41EF0008FA8A /* AlbumFactoryUITests.swift in Sources */ = {isa = PBXBuildFile; fileRef = E8FE96ED26FD41EF0008FA8A /* AlbumFactoryUITests.swift */; };
		E8FE96F026FD41EF0008FA8A /* AlbumFactoryUITestsLaunchTests.swift in Sources */ = {isa = PBXBuildFile; fileRef = E8FE96EF26FD41EF0008FA8A /* AlbumFactoryUITestsLaunchTests.swift */; };
		E8FE970126FD4D210008FA8A /* CollectionView.swift in Sources */ = {isa = PBXBuildFile; fileRef = E8FE970026FD4D210008FA8A /* CollectionView.swift */; };
		E8FE970526FD4FC40008FA8A /* CollectionViewLayout.swift in Sources */ = {isa = PBXBuildFile; fileRef = E8FE970426FD4FC30008FA8A /* CollectionViewLayout.swift */; };
		E8FE970726FE503E0008FA8A /* CollectionCellContentView.swift in Sources */ = {isa = PBXBuildFile; fileRef = E8FE970626FE503E0008FA8A /* CollectionCellContentView.swift */; };
		E8FE970B27000E360008FA8A /* Array+Generic.swift in Sources */ = {isa = PBXBuildFile; fileRef = E8FE970A27000E360008FA8A /* Array+Generic.swift */; };
		E8FE9712270085580008FA8A /* NetworkKit.swift in Sources */ = {isa = PBXBuildFile; fileRef = E8FE970F270085580008FA8A /* NetworkKit.swift */; };
		E8FE9713270085580008FA8A /* NetworkConfiguration.swift in Sources */ = {isa = PBXBuildFile; fileRef = E8FE9710270085580008FA8A /* NetworkConfiguration.swift */; };
		E8FE9714270085580008FA8A /* NetworkAgent.swift in Sources */ = {isa = PBXBuildFile; fileRef = E8FE9711270085580008FA8A /* NetworkAgent.swift */; };
		E8FE9716270087A50008FA8A /* NetworkHandler.swift in Sources */ = {isa = PBXBuildFile; fileRef = E8FE9715270087A50008FA8A /* NetworkHandler.swift */; };
		E8FE9719270088D20008FA8A /* Album.swift in Sources */ = {isa = PBXBuildFile; fileRef = E8FE9718270088D20008FA8A /* Album.swift */; };
		E8FE971B270088DA0008FA8A /* Artist.swift in Sources */ = {isa = PBXBuildFile; fileRef = E8FE971A270088DA0008FA8A /* Artist.swift */; };
		E8FE971D27009AFC0008FA8A /* Track.swift in Sources */ = {isa = PBXBuildFile; fileRef = E8FE971C27009AFC0008FA8A /* Track.swift */; };
		E8FE971F2700F46B0008FA8A /* String+Generic.swift in Sources */ = {isa = PBXBuildFile; fileRef = E8FE971E2700F46B0008FA8A /* String+Generic.swift */; };
/* End PBXBuildFile section */

/* Begin PBXContainerItemProxy section */
		E8FE96E026FD41EF0008FA8A /* PBXContainerItemProxy */ = {
			isa = PBXContainerItemProxy;
			containerPortal = E8FE96C726FD41EC0008FA8A /* Project object */;
			proxyType = 1;
			remoteGlobalIDString = E8FE96CE26FD41EC0008FA8A;
			remoteInfo = AlbumFactory;
		};
		E8FE96EA26FD41EF0008FA8A /* PBXContainerItemProxy */ = {
			isa = PBXContainerItemProxy;
			containerPortal = E8FE96C726FD41EC0008FA8A /* Project object */;
			proxyType = 1;
			remoteGlobalIDString = E8FE96CE26FD41EC0008FA8A;
			remoteInfo = AlbumFactory;
		};
/* End PBXContainerItemProxy section */

/* Begin PBXFileReference section */
		89B5F3D4DFE26F53CB4D6063 /* Pods-AlbumFactory.release.xcconfig */ = {isa = PBXFileReference; includeInIndex = 1; lastKnownFileType = text.xcconfig; name = "Pods-AlbumFactory.release.xcconfig"; path = "Target Support Files/Pods-AlbumFactory/Pods-AlbumFactory.release.xcconfig"; sourceTree = "<group>"; };
		D950E9194927B5B2D19B1910 /* libPods-AlbumFactory.a */ = {isa = PBXFileReference; explicitFileType = archive.ar; includeInIndex = 0; path = "libPods-AlbumFactory.a"; sourceTree = BUILT_PRODUCTS_DIR; };
		E85C05DA2701195400F582BA /* NetworkRequest.swift */ = {isa = PBXFileReference; lastKnownFileType = sourcecode.swift; path = NetworkRequest.swift; sourceTree = "<group>"; };
		E85C05DE27011ABA00F582BA /* ArtistNetworkRequest.swift */ = {isa = PBXFileReference; lastKnownFileType = sourcecode.swift; path = ArtistNetworkRequest.swift; sourceTree = "<group>"; };
		E85C05E027011B3B00F582BA /* HTTPMethod.swift */ = {isa = PBXFileReference; lastKnownFileType = sourcecode.swift; path = HTTPMethod.swift; sourceTree = "<group>"; };
		E85C05E22701244600F582BA /* AlbumNetworkRequest.swift */ = {isa = PBXFileReference; lastKnownFileType = sourcecode.swift; path = AlbumNetworkRequest.swift; sourceTree = "<group>"; };
		E8FE96CF26FD41EC0008FA8A /* AlbumFactory.app */ = {isa = PBXFileReference; explicitFileType = wrapper.application; includeInIndex = 0; path = AlbumFactory.app; sourceTree = BUILT_PRODUCTS_DIR; };
		E8FE96D226FD41EC0008FA8A /* AlbumFactoryApp.swift */ = {isa = PBXFileReference; lastKnownFileType = sourcecode.swift; path = AlbumFactoryApp.swift; sourceTree = "<group>"; };
		E8FE96D426FD41EC0008FA8A /* ContentView.swift */ = {isa = PBXFileReference; lastKnownFileType = sourcecode.swift; path = ContentView.swift; sourceTree = "<group>"; };
		E8FE96D626FD41EF0008FA8A /* Assets.xcassets */ = {isa = PBXFileReference; lastKnownFileType = folder.assetcatalog; path = Assets.xcassets; sourceTree = "<group>"; };
		E8FE96D926FD41EF0008FA8A /* Preview Assets.xcassets */ = {isa = PBXFileReference; lastKnownFileType = folder.assetcatalog; path = "Preview Assets.xcassets"; sourceTree = "<group>"; };
		E8FE96DF26FD41EF0008FA8A /* AlbumFactoryTests.xctest */ = {isa = PBXFileReference; explicitFileType = wrapper.cfbundle; includeInIndex = 0; path = AlbumFactoryTests.xctest; sourceTree = BUILT_PRODUCTS_DIR; };
		E8FE96E326FD41EF0008FA8A /* AlbumFactoryTests.swift */ = {isa = PBXFileReference; lastKnownFileType = sourcecode.swift; path = AlbumFactoryTests.swift; sourceTree = "<group>"; };
		E8FE96E926FD41EF0008FA8A /* AlbumFactoryUITests.xctest */ = {isa = PBXFileReference; explicitFileType = wrapper.cfbundle; includeInIndex = 0; path = AlbumFactoryUITests.xctest; sourceTree = BUILT_PRODUCTS_DIR; };
		E8FE96ED26FD41EF0008FA8A /* AlbumFactoryUITests.swift */ = {isa = PBXFileReference; lastKnownFileType = sourcecode.swift; path = AlbumFactoryUITests.swift; sourceTree = "<group>"; };
		E8FE96EF26FD41EF0008FA8A /* AlbumFactoryUITestsLaunchTests.swift */ = {isa = PBXFileReference; lastKnownFileType = sourcecode.swift; path = AlbumFactoryUITestsLaunchTests.swift; sourceTree = "<group>"; };
		E8FE970026FD4D210008FA8A /* CollectionView.swift */ = {isa = PBXFileReference; lastKnownFileType = sourcecode.swift; path = CollectionView.swift; sourceTree = "<group>"; };
		E8FE970426FD4FC30008FA8A /* CollectionViewLayout.swift */ = {isa = PBXFileReference; lastKnownFileType = sourcecode.swift; path = CollectionViewLayout.swift; sourceTree = "<group>"; };
		E8FE970626FE503E0008FA8A /* CollectionCellContentView.swift */ = {isa = PBXFileReference; lastKnownFileType = sourcecode.swift; path = CollectionCellContentView.swift; sourceTree = "<group>"; };
		E8FE970A27000E360008FA8A /* Array+Generic.swift */ = {isa = PBXFileReference; lastKnownFileType = sourcecode.swift; path = "Array+Generic.swift"; sourceTree = "<group>"; };
		E8FE970F270085580008FA8A /* NetworkKit.swift */ = {isa = PBXFileReference; fileEncoding = 4; lastKnownFileType = sourcecode.swift; path = NetworkKit.swift; sourceTree = "<group>"; };
		E8FE9710270085580008FA8A /* NetworkConfiguration.swift */ = {isa = PBXFileReference; fileEncoding = 4; lastKnownFileType = sourcecode.swift; path = NetworkConfiguration.swift; sourceTree = "<group>"; };
		E8FE9711270085580008FA8A /* NetworkAgent.swift */ = {isa = PBXFileReference; fileEncoding = 4; lastKnownFileType = sourcecode.swift; path = NetworkAgent.swift; sourceTree = "<group>"; };
		E8FE9715270087A50008FA8A /* NetworkHandler.swift */ = {isa = PBXFileReference; lastKnownFileType = sourcecode.swift; path = NetworkHandler.swift; sourceTree = "<group>"; };
		E8FE9718270088D20008FA8A /* Album.swift */ = {isa = PBXFileReference; lastKnownFileType = sourcecode.swift; path = Album.swift; sourceTree = "<group>"; };
		E8FE971A270088DA0008FA8A /* Artist.swift */ = {isa = PBXFileReference; lastKnownFileType = sourcecode.swift; path = Artist.swift; sourceTree = "<group>"; };
		E8FE971C27009AFC0008FA8A /* Track.swift */ = {isa = PBXFileReference; lastKnownFileType = sourcecode.swift; path = Track.swift; sourceTree = "<group>"; };
		E8FE971E2700F46B0008FA8A /* String+Generic.swift */ = {isa = PBXFileReference; lastKnownFileType = sourcecode.swift; path = "String+Generic.swift"; sourceTree = "<group>"; };
		EE8848787C0680FF4EE74229 /* Pods-AlbumFactory.debug.xcconfig */ = {isa = PBXFileReference; includeInIndex = 1; lastKnownFileType = text.xcconfig; name = "Pods-AlbumFactory.debug.xcconfig"; path = "Target Support Files/Pods-AlbumFactory/Pods-AlbumFactory.debug.xcconfig"; sourceTree = "<group>"; };
/* End PBXFileReference section */

/* Begin PBXFrameworksBuildPhase section */
		E8FE96CC26FD41EC0008FA8A /* Frameworks */ = {
			isa = PBXFrameworksBuildPhase;
			buildActionMask = 2147483647;
			files = (
				91A9475D6F707CF45B096DCB /* libPods-AlbumFactory.a in Frameworks */,
			);
			runOnlyForDeploymentPostprocessing = 0;
		};
		E8FE96DC26FD41EF0008FA8A /* Frameworks */ = {
			isa = PBXFrameworksBuildPhase;
			buildActionMask = 2147483647;
			files = (
			);
			runOnlyForDeploymentPostprocessing = 0;
		};
		E8FE96E626FD41EF0008FA8A /* Frameworks */ = {
			isa = PBXFrameworksBuildPhase;
			buildActionMask = 2147483647;
			files = (
			);
			runOnlyForDeploymentPostprocessing = 0;
		};
/* End PBXFrameworksBuildPhase section */

/* Begin PBXGroup section */
		AA8B032AC177E6A8EAB2DEC2 /* Pods */ = {
			isa = PBXGroup;
			children = (
				EE8848787C0680FF4EE74229 /* Pods-AlbumFactory.debug.xcconfig */,
				89B5F3D4DFE26F53CB4D6063 /* Pods-AlbumFactory.release.xcconfig */,
			);
			name = Pods;
			path = ../Pods;
			sourceTree = "<group>";
		};
		C75978B1F7EC5D73D3BF9908 /* Frameworks */ = {
			isa = PBXGroup;
			children = (
				D950E9194927B5B2D19B1910 /* libPods-AlbumFactory.a */,
			);
			name = Frameworks;
			sourceTree = "<group>";
		};
		E85C05DC27011A7600F582BA /* Internal */ = {
			isa = PBXGroup;
			children = (
				E8FE970F270085580008FA8A /* NetworkKit.swift */,
				E8FE9711270085580008FA8A /* NetworkAgent.swift */,
				E8FE9710270085580008FA8A /* NetworkConfiguration.swift */,
				E8FE9715270087A50008FA8A /* NetworkHandler.swift */,
				E85C05DA2701195400F582BA /* NetworkRequest.swift */,
			);
			path = Internal;
			sourceTree = "<group>";
		};
		E85C05DD27011A9200F582BA /* Resources */ = {
			isa = PBXGroup;
			children = (
				E85C05DE27011ABA00F582BA /* ArtistNetworkRequest.swift */,
				E85C05E22701244600F582BA /* AlbumNetworkRequest.swift */,
			);
			path = Resources;
			sourceTree = "<group>";
		};
		E8FE96C626FD41EC0008FA8A = {
			isa = PBXGroup;
			children = (
				E8FE96D126FD41EC0008FA8A /* AlbumFactory */,
				E8FE96E226FD41EF0008FA8A /* AlbumFactoryTests */,
				E8FE96EC26FD41EF0008FA8A /* AlbumFactoryUITests */,
				E8FE96D026FD41EC0008FA8A /* Products */,
				AA8B032AC177E6A8EAB2DEC2 /* Pods */,
				C75978B1F7EC5D73D3BF9908 /* Frameworks */,
			);
			sourceTree = "<group>";
		};
		E8FE96D026FD41EC0008FA8A /* Products */ = {
			isa = PBXGroup;
			children = (
				E8FE96CF26FD41EC0008FA8A /* AlbumFactory.app */,
				E8FE96DF26FD41EF0008FA8A /* AlbumFactoryTests.xctest */,
				E8FE96E926FD41EF0008FA8A /* AlbumFactoryUITests.xctest */,
			);
			name = Products;
			sourceTree = "<group>";
		};
		E8FE96D126FD41EC0008FA8A /* AlbumFactory */ = {
			isa = PBXGroup;
			children = (
				E8FE96D226FD41EC0008FA8A /* AlbumFactoryApp.swift */,
				E8FE96D426FD41EC0008FA8A /* ContentView.swift */,
				E8FE96D626FD41EF0008FA8A /* Assets.xcassets */,
				E8FE970E2700852D0008FA8A /* Network */,
				E8FE9717270088AA0008FA8A /* Data */,
				E8FE970827000E260008FA8A /* Utils */,
				E8FE96FF26FD4D150008FA8A /* CommonUI */,
				E8FE96D826FD41EF0008FA8A /* Preview Content */,
			);
			path = AlbumFactory;
			sourceTree = "<group>";
		};
		E8FE96D826FD41EF0008FA8A /* Preview Content */ = {
			isa = PBXGroup;
			children = (
				E8FE96D926FD41EF0008FA8A /* Preview Assets.xcassets */,
			);
			path = "Preview Content";
			sourceTree = "<group>";
		};
		E8FE96E226FD41EF0008FA8A /* AlbumFactoryTests */ = {
			isa = PBXGroup;
			children = (
				E8FE96E326FD41EF0008FA8A /* AlbumFactoryTests.swift */,
			);
			path = AlbumFactoryTests;
			sourceTree = "<group>";
		};
		E8FE96EC26FD41EF0008FA8A /* AlbumFactoryUITests */ = {
			isa = PBXGroup;
			children = (
				E8FE96ED26FD41EF0008FA8A /* AlbumFactoryUITests.swift */,
				E8FE96EF26FD41EF0008FA8A /* AlbumFactoryUITestsLaunchTests.swift */,
			);
			path = AlbumFactoryUITests;
			sourceTree = "<group>";
		};
		E8FE96FF26FD4D150008FA8A /* CommonUI */ = {
			isa = PBXGroup;
			children = (
				E8FE970026FD4D210008FA8A /* CollectionView.swift */,
				E8FE970426FD4FC30008FA8A /* CollectionViewLayout.swift */,
				E8FE970626FE503E0008FA8A /* CollectionCellContentView.swift */,
			);
			path = CommonUI;
			sourceTree = "<group>";
		};
		E8FE970827000E260008FA8A /* Utils */ = {
			isa = PBXGroup;
			children = (
				E8FE970927000E2E0008FA8A /* Extensions */,
				E85C05E027011B3B00F582BA /* HTTPMethod.swift */,
			);
			path = Utils;
			sourceTree = "<group>";
		};
		E8FE970927000E2E0008FA8A /* Extensions */ = {
			isa = PBXGroup;
			children = (
				E8FE970A27000E360008FA8A /* Array+Generic.swift */,
				E8FE971E2700F46B0008FA8A /* String+Generic.swift */,
			);
			path = Extensions;
			sourceTree = "<group>";
		};
		E8FE970E2700852D0008FA8A /* Network */ = {
			isa = PBXGroup;
			children = (
				E85C05DC27011A7600F582BA /* Internal */,
				E85C05DD27011A9200F582BA /* Resources */,
			);
			path = Network;
			sourceTree = "<group>";
		};
		E8FE9717270088AA0008FA8A /* Data */ = {
			isa = PBXGroup;
			children = (
				E8FE9718270088D20008FA8A /* Album.swift */,
				E8FE971A270088DA0008FA8A /* Artist.swift */,
				E8FE971C27009AFC0008FA8A /* Track.swift */,
			);
			path = Data;
			sourceTree = "<group>";
		};
/* End PBXGroup section */

/* Begin PBXNativeTarget section */
		E8FE96CE26FD41EC0008FA8A /* AlbumFactory */ = {
			isa = PBXNativeTarget;
			buildConfigurationList = E8FE96F326FD41EF0008FA8A /* Build configuration list for PBXNativeTarget "AlbumFactory" */;
			buildPhases = (
				BCE9DDBC74AA2B1F0301BA9C /* [CP] Check Pods Manifest.lock */,
				E8FE96CB26FD41EC0008FA8A /* Sources */,
				E8FE96CC26FD41EC0008FA8A /* Frameworks */,
				E8FE96CD26FD41EC0008FA8A /* Resources */,
			);
			buildRules = (
			);
			dependencies = (
			);
			name = AlbumFactory;
			productName = AlbumFactory;
			productReference = E8FE96CF26FD41EC0008FA8A /* AlbumFactory.app */;
			productType = "com.apple.product-type.application";
		};
		E8FE96DE26FD41EF0008FA8A /* AlbumFactoryTests */ = {
			isa = PBXNativeTarget;
			buildConfigurationList = E8FE96F626FD41EF0008FA8A /* Build configuration list for PBXNativeTarget "AlbumFactoryTests" */;
			buildPhases = (
				E8FE96DB26FD41EF0008FA8A /* Sources */,
				E8FE96DC26FD41EF0008FA8A /* Frameworks */,
				E8FE96DD26FD41EF0008FA8A /* Resources */,
			);
			buildRules = (
			);
			dependencies = (
				E8FE96E126FD41EF0008FA8A /* PBXTargetDependency */,
			);
			name = AlbumFactoryTests;
			productName = AlbumFactoryTests;
			productReference = E8FE96DF26FD41EF0008FA8A /* AlbumFactoryTests.xctest */;
			productType = "com.apple.product-type.bundle.unit-test";
		};
		E8FE96E826FD41EF0008FA8A /* AlbumFactoryUITests */ = {
			isa = PBXNativeTarget;
			buildConfigurationList = E8FE96F926FD41EF0008FA8A /* Build configuration list for PBXNativeTarget "AlbumFactoryUITests" */;
			buildPhases = (
				E8FE96E526FD41EF0008FA8A /* Sources */,
				E8FE96E626FD41EF0008FA8A /* Frameworks */,
				E8FE96E726FD41EF0008FA8A /* Resources */,
			);
			buildRules = (
			);
			dependencies = (
				E8FE96EB26FD41EF0008FA8A /* PBXTargetDependency */,
			);
			name = AlbumFactoryUITests;
			productName = AlbumFactoryUITests;
			productReference = E8FE96E926FD41EF0008FA8A /* AlbumFactoryUITests.xctest */;
			productType = "com.apple.product-type.bundle.ui-testing";
		};
/* End PBXNativeTarget section */

/* Begin PBXProject section */
		E8FE96C726FD41EC0008FA8A /* Project object */ = {
			isa = PBXProject;
			attributes = {
				BuildIndependentTargetsInParallel = 1;
				LastSwiftUpdateCheck = 1300;
				LastUpgradeCheck = 1300;
				TargetAttributes = {
					E8FE96CE26FD41EC0008FA8A = {
						CreatedOnToolsVersion = 13.0;
					};
					E8FE96DE26FD41EF0008FA8A = {
						CreatedOnToolsVersion = 13.0;
						TestTargetID = E8FE96CE26FD41EC0008FA8A;
					};
					E8FE96E826FD41EF0008FA8A = {
						CreatedOnToolsVersion = 13.0;
						TestTargetID = E8FE96CE26FD41EC0008FA8A;
					};
				};
			};
			buildConfigurationList = E8FE96CA26FD41EC0008FA8A /* Build configuration list for PBXProject "AlbumFactory" */;
			compatibilityVersion = "Xcode 13.0";
			developmentRegion = en;
			hasScannedForEncodings = 0;
			knownRegions = (
				en,
				Base,
			);
			mainGroup = E8FE96C626FD41EC0008FA8A;
			productRefGroup = E8FE96D026FD41EC0008FA8A /* Products */;
			projectDirPath = "";
			projectRoot = "";
			targets = (
				E8FE96CE26FD41EC0008FA8A /* AlbumFactory */,
				E8FE96DE26FD41EF0008FA8A /* AlbumFactoryTests */,
				E8FE96E826FD41EF0008FA8A /* AlbumFactoryUITests */,
			);
		};
/* End PBXProject section */

/* Begin PBXResourcesBuildPhase section */
		E8FE96CD26FD41EC0008FA8A /* Resources */ = {
			isa = PBXResourcesBuildPhase;
			buildActionMask = 2147483647;
			files = (
				E8FE96DA26FD41EF0008FA8A /* Preview Assets.xcassets in Resources */,
				E8FE96D726FD41EF0008FA8A /* Assets.xcassets in Resources */,
			);
			runOnlyForDeploymentPostprocessing = 0;
		};
		E8FE96DD26FD41EF0008FA8A /* Resources */ = {
			isa = PBXResourcesBuildPhase;
			buildActionMask = 2147483647;
			files = (
			);
			runOnlyForDeploymentPostprocessing = 0;
		};
		E8FE96E726FD41EF0008FA8A /* Resources */ = {
			isa = PBXResourcesBuildPhase;
			buildActionMask = 2147483647;
			files = (
			);
			runOnlyForDeploymentPostprocessing = 0;
		};
/* End PBXResourcesBuildPhase section */

/* Begin PBXShellScriptBuildPhase section */
		BCE9DDBC74AA2B1F0301BA9C /* [CP] Check Pods Manifest.lock */ = {
			isa = PBXShellScriptBuildPhase;
			buildActionMask = 2147483647;
			files = (
			);
			inputFileListPaths = (
			);
			inputPaths = (
				"${PODS_PODFILE_DIR_PATH}/Podfile.lock",
				"${PODS_ROOT}/Manifest.lock",
			);
			name = "[CP] Check Pods Manifest.lock";
			outputFileListPaths = (
			);
			outputPaths = (
				"$(DERIVED_FILE_DIR)/Pods-AlbumFactory-checkManifestLockResult.txt",
			);
			runOnlyForDeploymentPostprocessing = 0;
			shellPath = /bin/sh;
			shellScript = "diff \"${PODS_PODFILE_DIR_PATH}/Podfile.lock\" \"${PODS_ROOT}/Manifest.lock\" > /dev/null\nif [ $? != 0 ] ; then\n    # print error to STDERR\n    echo \"error: The sandbox is not in sync with the Podfile.lock. Run 'pod install' or update your CocoaPods installation.\" >&2\n    exit 1\nfi\n# This output is used by Xcode 'outputs' to avoid re-running this script phase.\necho \"SUCCESS\" > \"${SCRIPT_OUTPUT_FILE_0}\"\n";
			showEnvVarsInLog = 0;
		};
/* End PBXShellScriptBuildPhase section */

/* Begin PBXSourcesBuildPhase section */
		E8FE96CB26FD41EC0008FA8A /* Sources */ = {
			isa = PBXSourcesBuildPhase;
			buildActionMask = 2147483647;
			files = (
				E8FE9712270085580008FA8A /* NetworkKit.swift in Sources */,
				E8FE9714270085580008FA8A /* NetworkAgent.swift in Sources */,
				E8FE971B270088DA0008FA8A /* Artist.swift in Sources */,
				E8FE970526FD4FC40008FA8A /* CollectionViewLayout.swift in Sources */,
				E85C05DB2701195400F582BA /* NetworkRequest.swift in Sources */,
				E8FE9719270088D20008FA8A /* Album.swift in Sources */,
				E8FE970726FE503E0008FA8A /* CollectionCellContentView.swift in Sources */,
				E8FE9713270085580008FA8A /* NetworkConfiguration.swift in Sources */,
				E8FE96D526FD41EC0008FA8A /* ContentView.swift in Sources */,
				E8FE9716270087A50008FA8A /* NetworkHandler.swift in Sources */,
				E8FE971D27009AFC0008FA8A /* Track.swift in Sources */,
				E8FE970126FD4D210008FA8A /* CollectionView.swift in Sources */,
				E85C05E127011B3B00F582BA /* HTTPMethod.swift in Sources */,
				E8FE971F2700F46B0008FA8A /* String+Generic.swift in Sources */,
				E8FE970B27000E360008FA8A /* Array+Generic.swift in Sources */,
				E8FE96D326FD41EC0008FA8A /* AlbumFactoryApp.swift in Sources */,
				E85C05E32701244600F582BA /* AlbumNetworkRequest.swift in Sources */,
				E85C05DF27011ABA00F582BA /* ArtistNetworkRequest.swift in Sources */,
			);
			runOnlyForDeploymentPostprocessing = 0;
		};
		E8FE96DB26FD41EF0008FA8A /* Sources */ = {
			isa = PBXSourcesBuildPhase;
			buildActionMask = 2147483647;
			files = (
				E8FE96E426FD41EF0008FA8A /* AlbumFactoryTests.swift in Sources */,
			);
			runOnlyForDeploymentPostprocessing = 0;
		};
		E8FE96E526FD41EF0008FA8A /* Sources */ = {
			isa = PBXSourcesBuildPhase;
			buildActionMask = 2147483647;
			files = (
				E8FE96EE26FD41EF0008FA8A /* AlbumFactoryUITests.swift in Sources */,
				E8FE96F026FD41EF0008FA8A /* AlbumFactoryUITestsLaunchTests.swift in Sources */,
			);
			runOnlyForDeploymentPostprocessing = 0;
		};
/* End PBXSourcesBuildPhase section */

/* Begin PBXTargetDependency section */
		E8FE96E126FD41EF0008FA8A /* PBXTargetDependency */ = {
			isa = PBXTargetDependency;
			target = E8FE96CE26FD41EC0008FA8A /* AlbumFactory */;
			targetProxy = E8FE96E026FD41EF0008FA8A /* PBXContainerItemProxy */;
		};
		E8FE96EB26FD41EF0008FA8A /* PBXTargetDependency */ = {
			isa = PBXTargetDependency;
			target = E8FE96CE26FD41EC0008FA8A /* AlbumFactory */;
			targetProxy = E8FE96EA26FD41EF0008FA8A /* PBXContainerItemProxy */;
		};
/* End PBXTargetDependency section */

/* Begin XCBuildConfiguration section */
		E8FE96F126FD41EF0008FA8A /* Debug */ = {
			isa = XCBuildConfiguration;
			buildSettings = {
				ALWAYS_SEARCH_USER_PATHS = NO;
				CLANG_ANALYZER_NONNULL = YES;
				CLANG_ANALYZER_NUMBER_OBJECT_CONVERSION = YES_AGGRESSIVE;
				CLANG_CXX_LANGUAGE_STANDARD = "gnu++17";
				CLANG_CXX_LIBRARY = "libc++";
				CLANG_ENABLE_MODULES = YES;
				CLANG_ENABLE_OBJC_ARC = YES;
				CLANG_ENABLE_OBJC_WEAK = YES;
				CLANG_WARN_BLOCK_CAPTURE_AUTORELEASING = YES;
				CLANG_WARN_BOOL_CONVERSION = YES;
				CLANG_WARN_COMMA = YES;
				CLANG_WARN_CONSTANT_CONVERSION = YES;
				CLANG_WARN_DEPRECATED_OBJC_IMPLEMENTATIONS = YES;
				CLANG_WARN_DIRECT_OBJC_ISA_USAGE = YES_ERROR;
				CLANG_WARN_DOCUMENTATION_COMMENTS = YES;
				CLANG_WARN_EMPTY_BODY = YES;
				CLANG_WARN_ENUM_CONVERSION = YES;
				CLANG_WARN_INFINITE_RECURSION = YES;
				CLANG_WARN_INT_CONVERSION = YES;
				CLANG_WARN_NON_LITERAL_NULL_CONVERSION = YES;
				CLANG_WARN_OBJC_IMPLICIT_RETAIN_SELF = YES;
				CLANG_WARN_OBJC_LITERAL_CONVERSION = YES;
				CLANG_WARN_OBJC_ROOT_CLASS = YES_ERROR;
				CLANG_WARN_QUOTED_INCLUDE_IN_FRAMEWORK_HEADER = YES;
				CLANG_WARN_RANGE_LOOP_ANALYSIS = YES;
				CLANG_WARN_STRICT_PROTOTYPES = YES;
				CLANG_WARN_SUSPICIOUS_MOVE = YES;
				CLANG_WARN_UNGUARDED_AVAILABILITY = YES_AGGRESSIVE;
				CLANG_WARN_UNREACHABLE_CODE = YES;
				CLANG_WARN__DUPLICATE_METHOD_MATCH = YES;
				COPY_PHASE_STRIP = NO;
				DEBUG_INFORMATION_FORMAT = dwarf;
				ENABLE_STRICT_OBJC_MSGSEND = YES;
				ENABLE_TESTABILITY = YES;
				GCC_C_LANGUAGE_STANDARD = gnu11;
				GCC_DYNAMIC_NO_PIC = NO;
				GCC_NO_COMMON_BLOCKS = YES;
				GCC_OPTIMIZATION_LEVEL = 0;
				GCC_PREPROCESSOR_DEFINITIONS = (
					"DEBUG=1",
					"$(inherited)",
				);
				GCC_WARN_64_TO_32_BIT_CONVERSION = YES;
				GCC_WARN_ABOUT_RETURN_TYPE = YES_ERROR;
				GCC_WARN_UNDECLARED_SELECTOR = YES;
				GCC_WARN_UNINITIALIZED_AUTOS = YES_AGGRESSIVE;
				GCC_WARN_UNUSED_FUNCTION = YES;
				GCC_WARN_UNUSED_VARIABLE = YES;
				IPHONEOS_DEPLOYMENT_TARGET = 15.0;
				MTL_ENABLE_DEBUG_INFO = INCLUDE_SOURCE;
				MTL_FAST_MATH = YES;
				ONLY_ACTIVE_ARCH = YES;
				SDKROOT = iphoneos;
				SWIFT_ACTIVE_COMPILATION_CONDITIONS = DEBUG;
				SWIFT_OPTIMIZATION_LEVEL = "-Onone";
			};
			name = Debug;
		};
		E8FE96F226FD41EF0008FA8A /* Release */ = {
			isa = XCBuildConfiguration;
			buildSettings = {
				ALWAYS_SEARCH_USER_PATHS = NO;
				CLANG_ANALYZER_NONNULL = YES;
				CLANG_ANALYZER_NUMBER_OBJECT_CONVERSION = YES_AGGRESSIVE;
				CLANG_CXX_LANGUAGE_STANDARD = "gnu++17";
				CLANG_CXX_LIBRARY = "libc++";
				CLANG_ENABLE_MODULES = YES;
				CLANG_ENABLE_OBJC_ARC = YES;
				CLANG_ENABLE_OBJC_WEAK = YES;
				CLANG_WARN_BLOCK_CAPTURE_AUTORELEASING = YES;
				CLANG_WARN_BOOL_CONVERSION = YES;
				CLANG_WARN_COMMA = YES;
				CLANG_WARN_CONSTANT_CONVERSION = YES;
				CLANG_WARN_DEPRECATED_OBJC_IMPLEMENTATIONS = YES;
				CLANG_WARN_DIRECT_OBJC_ISA_USAGE = YES_ERROR;
				CLANG_WARN_DOCUMENTATION_COMMENTS = YES;
				CLANG_WARN_EMPTY_BODY = YES;
				CLANG_WARN_ENUM_CONVERSION = YES;
				CLANG_WARN_INFINITE_RECURSION = YES;
				CLANG_WARN_INT_CONVERSION = YES;
				CLANG_WARN_NON_LITERAL_NULL_CONVERSION = YES;
				CLANG_WARN_OBJC_IMPLICIT_RETAIN_SELF = YES;
				CLANG_WARN_OBJC_LITERAL_CONVERSION = YES;
				CLANG_WARN_OBJC_ROOT_CLASS = YES_ERROR;
				CLANG_WARN_QUOTED_INCLUDE_IN_FRAMEWORK_HEADER = YES;
				CLANG_WARN_RANGE_LOOP_ANALYSIS = YES;
				CLANG_WARN_STRICT_PROTOTYPES = YES;
				CLANG_WARN_SUSPICIOUS_MOVE = YES;
				CLANG_WARN_UNGUARDED_AVAILABILITY = YES_AGGRESSIVE;
				CLANG_WARN_UNREACHABLE_CODE = YES;
				CLANG_WARN__DUPLICATE_METHOD_MATCH = YES;
				COPY_PHASE_STRIP = NO;
				DEBUG_INFORMATION_FORMAT = "dwarf-with-dsym";
				ENABLE_NS_ASSERTIONS = NO;
				ENABLE_STRICT_OBJC_MSGSEND = YES;
				GCC_C_LANGUAGE_STANDARD = gnu11;
				GCC_NO_COMMON_BLOCKS = YES;
				GCC_WARN_64_TO_32_BIT_CONVERSION = YES;
				GCC_WARN_ABOUT_RETURN_TYPE = YES_ERROR;
				GCC_WARN_UNDECLARED_SELECTOR = YES;
				GCC_WARN_UNINITIALIZED_AUTOS = YES_AGGRESSIVE;
				GCC_WARN_UNUSED_FUNCTION = YES;
				GCC_WARN_UNUSED_VARIABLE = YES;
				IPHONEOS_DEPLOYMENT_TARGET = 15.0;
				MTL_ENABLE_DEBUG_INFO = NO;
				MTL_FAST_MATH = YES;
				SDKROOT = iphoneos;
				SWIFT_COMPILATION_MODE = wholemodule;
				SWIFT_OPTIMIZATION_LEVEL = "-O";
				VALIDATE_PRODUCT = YES;
			};
			name = Release;
		};
		E8FE96F426FD41EF0008FA8A /* Debug */ = {
			isa = XCBuildConfiguration;
			baseConfigurationReference = EE8848787C0680FF4EE74229 /* Pods-AlbumFactory.debug.xcconfig */;
			buildSettings = {
				ASSETCATALOG_COMPILER_APPICON_NAME = AppIcon;
				ASSETCATALOG_COMPILER_GLOBAL_ACCENT_COLOR_NAME = AccentColor;
				CODE_SIGN_STYLE = Automatic;
				CURRENT_PROJECT_VERSION = 1;
				DEVELOPMENT_ASSET_PATHS = "\"AlbumFactory/Preview Content\"";
				DEVELOPMENT_TEAM = 95D7568636;
				ENABLE_PREVIEWS = YES;
				GENERATE_INFOPLIST_FILE = YES;
				INFOPLIST_KEY_UIApplicationSceneManifest_Generation = YES;
				INFOPLIST_KEY_UIApplicationSupportsIndirectInputEvents = YES;
				INFOPLIST_KEY_UILaunchScreen_Generation = YES;
				INFOPLIST_KEY_UISupportedInterfaceOrientations_iPad = "UIInterfaceOrientationPortrait UIInterfaceOrientationPortraitUpsideDown UIInterfaceOrientationLandscapeLeft UIInterfaceOrientationLandscapeRight";
				INFOPLIST_KEY_UISupportedInterfaceOrientations_iPhone = "UIInterfaceOrientationPortrait UIInterfaceOrientationLandscapeLeft UIInterfaceOrientationLandscapeRight";
				IPHONEOS_DEPLOYMENT_TARGET = 14.0;
				LD_RUNPATH_SEARCH_PATHS = (
					"$(inherited)",
					"@executable_path/Frameworks",
				);
				MARKETING_VERSION = 1.0;
				PRODUCT_BUNDLE_IDENTIFIER = com.eridbardhaj.AlbumFactory;
				PRODUCT_NAME = "$(TARGET_NAME)";
				SWIFT_EMIT_LOC_STRINGS = YES;
				SWIFT_VERSION = 5.0;
				TARGETED_DEVICE_FAMILY = "1,2";
			};
			name = Debug;
		};
		E8FE96F526FD41EF0008FA8A /* Release */ = {
			isa = XCBuildConfiguration;
			baseConfigurationReference = 89B5F3D4DFE26F53CB4D6063 /* Pods-AlbumFactory.release.xcconfig */;
			buildSettings = {
				ASSETCATALOG_COMPILER_APPICON_NAME = AppIcon;
				ASSETCATALOG_COMPILER_GLOBAL_ACCENT_COLOR_NAME = AccentColor;
				CODE_SIGN_STYLE = Automatic;
				CURRENT_PROJECT_VERSION = 1;
				DEVELOPMENT_ASSET_PATHS = "\"AlbumFactory/Preview Content\"";
				DEVELOPMENT_TEAM = 95D7568636;
				ENABLE_PREVIEWS = YES;
				GENERATE_INFOPLIST_FILE = YES;
				INFOPLIST_KEY_UIApplicationSceneManifest_Generation = YES;
				INFOPLIST_KEY_UIApplicationSupportsIndirectInputEvents = YES;
				INFOPLIST_KEY_UILaunchScreen_Generation = YES;
				INFOPLIST_KEY_UISupportedInterfaceOrientations_iPad = "UIInterfaceOrientationPortrait UIInterfaceOrientationPortraitUpsideDown UIInterfaceOrientationLandscapeLeft UIInterfaceOrientationLandscapeRight";
				INFOPLIST_KEY_UISupportedInterfaceOrientations_iPhone = "UIInterfaceOrientationPortrait UIInterfaceOrientationLandscapeLeft UIInterfaceOrientationLandscapeRight";
				IPHONEOS_DEPLOYMENT_TARGET = 14.0;
				LD_RUNPATH_SEARCH_PATHS = (
					"$(inherited)",
					"@executable_path/Frameworks",
				);
				MARKETING_VERSION = 1.0;
				PRODUCT_BUNDLE_IDENTIFIER = com.eridbardhaj.AlbumFactory;
				PRODUCT_NAME = "$(TARGET_NAME)";
				SWIFT_EMIT_LOC_STRINGS = YES;
				SWIFT_VERSION = 5.0;
				TARGETED_DEVICE_FAMILY = "1,2";
			};
			name = Release;
		};
		E8FE96F726FD41EF0008FA8A /* Debug */ = {
			isa = XCBuildConfiguration;
			buildSettings = {
				ALWAYS_EMBED_SWIFT_STANDARD_LIBRARIES = YES;
				BUNDLE_LOADER = "$(TEST_HOST)";
				CODE_SIGN_STYLE = Automatic;
				CURRENT_PROJECT_VERSION = 1;
				DEVELOPMENT_TEAM = 95D7568636;
				GENERATE_INFOPLIST_FILE = YES;
				IPHONEOS_DEPLOYMENT_TARGET = 14.0;
				LD_RUNPATH_SEARCH_PATHS = (
					"$(inherited)",
					"@executable_path/Frameworks",
					"@loader_path/Frameworks",
				);
				MARKETING_VERSION = 1.0;
				PRODUCT_BUNDLE_IDENTIFIER = com.eridbardhaj.AlbumFactoryTests;
				PRODUCT_NAME = "$(TARGET_NAME)";
				SWIFT_EMIT_LOC_STRINGS = NO;
				SWIFT_VERSION = 5.0;
				TARGETED_DEVICE_FAMILY = "1,2";
				TEST_HOST = "$(BUILT_PRODUCTS_DIR)/AlbumFactory.app/AlbumFactory";
			};
			name = Debug;
		};
		E8FE96F826FD41EF0008FA8A /* Release */ = {
			isa = XCBuildConfiguration;
			buildSettings = {
				ALWAYS_EMBED_SWIFT_STANDARD_LIBRARIES = YES;
				BUNDLE_LOADER = "$(TEST_HOST)";
				CODE_SIGN_STYLE = Automatic;
				CURRENT_PROJECT_VERSION = 1;
				DEVELOPMENT_TEAM = 95D7568636;
				GENERATE_INFOPLIST_FILE = YES;
				IPHONEOS_DEPLOYMENT_TARGET = 14.0;
				LD_RUNPATH_SEARCH_PATHS = (
					"$(inherited)",
					"@executable_path/Frameworks",
					"@loader_path/Frameworks",
				);
				MARKETING_VERSION = 1.0;
				PRODUCT_BUNDLE_IDENTIFIER = com.eridbardhaj.AlbumFactoryTests;
				PRODUCT_NAME = "$(TARGET_NAME)";
				SWIFT_EMIT_LOC_STRINGS = NO;
				SWIFT_VERSION = 5.0;
				TARGETED_DEVICE_FAMILY = "1,2";
				TEST_HOST = "$(BUILT_PRODUCTS_DIR)/AlbumFactory.app/AlbumFactory";
			};
			name = Release;
		};
		E8FE96FA26FD41EF0008FA8A /* Debug */ = {
			isa = XCBuildConfiguration;
			buildSettings = {
				ALWAYS_EMBED_SWIFT_STANDARD_LIBRARIES = YES;
				CODE_SIGN_STYLE = Automatic;
				CURRENT_PROJECT_VERSION = 1;
				DEVELOPMENT_TEAM = 95D7568636;
				GENERATE_INFOPLIST_FILE = YES;
				LD_RUNPATH_SEARCH_PATHS = (
					"$(inherited)",
					"@executable_path/Frameworks",
					"@loader_path/Frameworks",
				);
				MARKETING_VERSION = 1.0;
				PRODUCT_BUNDLE_IDENTIFIER = com.eridbardhaj.AlbumFactoryUITests;
				PRODUCT_NAME = "$(TARGET_NAME)";
				SWIFT_EMIT_LOC_STRINGS = NO;
				SWIFT_VERSION = 5.0;
				TARGETED_DEVICE_FAMILY = "1,2";
				TEST_TARGET_NAME = AlbumFactory;
			};
			name = Debug;
		};
		E8FE96FB26FD41EF0008FA8A /* Release */ = {
			isa = XCBuildConfiguration;
			buildSettings = {
				ALWAYS_EMBED_SWIFT_STANDARD_LIBRARIES = YES;
				CODE_SIGN_STYLE = Automatic;
				CURRENT_PROJECT_VERSION = 1;
				DEVELOPMENT_TEAM = 95D7568636;
				GENERATE_INFOPLIST_FILE = YES;
				LD_RUNPATH_SEARCH_PATHS = (
					"$(inherited)",
					"@executable_path/Frameworks",
					"@loader_path/Frameworks",
				);
				MARKETING_VERSION = 1.0;
				PRODUCT_BUNDLE_IDENTIFIER = com.eridbardhaj.AlbumFactoryUITests;
				PRODUCT_NAME = "$(TARGET_NAME)";
				SWIFT_EMIT_LOC_STRINGS = NO;
				SWIFT_VERSION = 5.0;
				TARGETED_DEVICE_FAMILY = "1,2";
				TEST_TARGET_NAME = AlbumFactory;
			};
			name = Release;
		};
/* End XCBuildConfiguration section */

/* Begin XCConfigurationList section */
		E8FE96CA26FD41EC0008FA8A /* Build configuration list for PBXProject "AlbumFactory" */ = {
			isa = XCConfigurationList;
			buildConfigurations = (
				E8FE96F126FD41EF0008FA8A /* Debug */,
				E8FE96F226FD41EF0008FA8A /* Release */,
			);
			defaultConfigurationIsVisible = 0;
			defaultConfigurationName = Release;
		};
		E8FE96F326FD41EF0008FA8A /* Build configuration list for PBXNativeTarget "AlbumFactory" */ = {
			isa = XCConfigurationList;
			buildConfigurations = (
				E8FE96F426FD41EF0008FA8A /* Debug */,
				E8FE96F526FD41EF0008FA8A /* Release */,
			);
			defaultConfigurationIsVisible = 0;
			defaultConfigurationName = Release;
		};
		E8FE96F626FD41EF0008FA8A /* Build configuration list for PBXNativeTarget "AlbumFactoryTests" */ = {
			isa = XCConfigurationList;
			buildConfigurations = (
				E8FE96F726FD41EF0008FA8A /* Debug */,
				E8FE96F826FD41EF0008FA8A /* Release */,
			);
			defaultConfigurationIsVisible = 0;
			defaultConfigurationName = Release;
		};
		E8FE96F926FD41EF0008FA8A /* Build configuration list for PBXNativeTarget "AlbumFactoryUITests" */ = {
			isa = XCConfigurationList;
			buildConfigurations = (
				E8FE96FA26FD41EF0008FA8A /* Debug */,
				E8FE96FB26FD41EF0008FA8A /* Release */,
			);
			defaultConfigurationIsVisible = 0;
			defaultConfigurationName = Release;
		};
/* End XCConfigurationList section */
	};
	rootObject = E8FE96C726FD41EC0008FA8A /* Project object */;
}
